
Microsoft Visual Studio Solution File, Format Version 12.00
# Visual Studio Version 16
VisualStudioVersion = 16.0.31911.196
MinimumVisualStudioVersion = 10.0.40219.1
Project("{FAE04EC0-301F-11D3-BF4B-00C04F79EFBC}") = "ChatBlazorWebApp.Server", "ChatBlazorWebApp\Server\ChatBlazorWebApp.Server.csproj", "{00CBAE70-E352-4211-994C-5BE8ACC54DBF}"
EndProject
Project("{FAE04EC0-301F-11D3-BF4B-00C04F79EFBC}") = "ChatBlazorWebApp.Client", "ChatBlazorWebApp\Client\ChatBlazorWebApp.Client.csproj", "{EFB46D6E-543F-4259-BE05-95E03B1C98BD}"
EndProject
Project("{FAE04EC0-301F-11D3-BF4B-00C04F79EFBC}") = "ChatBlazorWebApp.Shared", "ChatBlazorWebApp\Shared\ChatBlazorWebApp.Shared.csproj", "{F1AB187A-D07F-40F0-9930-C55347250490}"
EndProject
Global
	GlobalSection(SolutionConfigurationPlatforms) = preSolution
		Debug|Any CPU = Debug|Any CPU
		Release|Any CPU = Release|Any CPU
	EndGlobalSection
	GlobalSection(ProjectConfigurationPlatforms) = postSolution
		{00CBAE70-E352-4211-994C-5BE8ACC54DBF}.Debug|Any CPU.ActiveCfg = Debug|Any CPU
		{00CBAE70-E352-4211-994C-5BE8ACC54DBF}.Debug|Any CPU.Build.0 = Debug|Any CPU
		{00CBAE70-E352-4211-994C-5BE8ACC54DBF}.Release|Any CPU.ActiveCfg = Release|Any CPU
		{00CBAE70-E352-4211-994C-5BE8ACC54DBF}.Release|Any CPU.Build.0 = Release|Any CPU
		{EFB46D6E-543F-4259-BE05-95E03B1C98BD}.Debug|Any CPU.ActiveCfg = Debug|Any CPU
		{EFB46D6E-543F-4259-BE05-95E03B1C98BD}.Debug|Any CPU.Build.0 = Debug|Any CPU
		{EFB46D6E-543F-4259-BE05-95E03B1C98BD}.Release|Any CPU.ActiveCfg = Release|Any CPU
		{EFB46D6E-543F-4259-BE05-95E03B1C98BD}.Release|Any CPU.Build.0 = Release|Any CPU
		{F1AB187A-D07F-40F0-9930-C55347250490}.Debug|Any CPU.ActiveCfg = Debug|Any CPU
		{F1AB187A-D07F-40F0-9930-C55347250490}.Debug|Any CPU.Build.0 = Debug|Any CPU
		{F1AB187A-D07F-40F0-9930-C55347250490}.Release|Any CPU.ActiveCfg = Release|Any CPU
		{F1AB187A-D07F-40F0-9930-C55347250490}.Release|Any CPU.Build.0 = Release|Any CPU
	EndGlobalSection
	GlobalSection(SolutionProperties) = preSolution
		HideSolutionNode = FALSE
	EndGlobalSection
	GlobalSection(ExtensibilityGlobals) = postSolution
		SolutionGuid = {910A6610-CE30-43B5-8752-B10EB5B80126}
	EndGlobalSection
EndGlobal
